
Microsoft Visual Studio Solution File, Format Version 12.00
# Visual Studio Version 17
VisualStudioVersion = 17.4.33110.190
MinimumVisualStudioVersion = 10.0.40219.1
Project("{FAE04EC0-301F-11D3-BF4B-00C04F79EFBC}") = "ChatClient", "Chatapp\ChatClient.csproj", "{F2A3500A-6B44-4D66-A79A-83B04EC7CD0B}"
EndProject
Project("{FAE04EC0-301F-11D3-BF4B-00C04F79EFBC}") = "ChatServer", "ChatServer\ChatServer.csproj", "{40B6F611-2121-449E-B420-5568AD706689}"
EndProject
Global
	GlobalSection(SolutionConfigurationPlatforms) = preSolution
		Debug|Any CPU = Debug|Any CPU
		Release|Any CPU = Release|Any CPU
	EndGlobalSection
	GlobalSection(ProjectConfigurationPlatforms) = postSolution
		{F2A3500A-6B44-4D66-A79A-83B04EC7CD0B}.Debug|Any CPU.ActiveCfg = Debug|Any CPU
		{F2A3500A-6B44-4D66-A79A-83B04EC7CD0B}.Debug|Any CPU.Build.0 = Debug|Any CPU
		{F2A3500A-6B44-4D66-A79A-83B04EC7CD0B}.Release|Any CPU.ActiveCfg = Release|Any CPU
		{F2A3500A-6B44-4D66-A79A-83B04EC7CD0B}.Release|Any CPU.Build.0 = Release|Any CPU
		{40B6F611-2121-449E-B420-5568AD706689}.Debug|Any CPU.ActiveCfg = Debug|Any CPU
		{40B6F611-2121-449E-B420-5568AD706689}.Debug|Any CPU.Build.0 = Debug|Any CPU
		{40B6F611-2121-449E-B420-5568AD706689}.Release|Any CPU.ActiveCfg = Release|Any CPU
		{40B6F611-2121-449E-B420-5568AD706689}.Release|Any CPU.Build.0 = Release|Any CPU
	EndGlobalSection
	GlobalSection(SolutionProperties) = preSolution
		HideSolutionNode = FALSE
	EndGlobalSection
	GlobalSection(ExtensibilityGlobals) = postSolution
		SolutionGuid = {BABD0D41-EFC2-429A-B011-9AA387E50F85}
	EndGlobalSection
EndGlobal
